
Microsoft Visual Studio Solution File, Format Version 11.00
# Visual Studio 2010
Project("{F184B08F-C81C-45F6-A57F-5ABD9991F28F}") = "Presentacion", "Parcial\Presentacion.vbproj", "{65D83B25-475A-41CE-89A3-56C44D095A6A}"
EndProject
Project("{F184B08F-C81C-45F6-A57F-5ABD9991F28F}") = "Logica", "Logica\Logica.vbproj", "{F8BBA7C0-ADF9-4A8A-AC7B-A7B4A2A653B8}"
EndProject
Global
	GlobalSection(SolutionConfigurationPlatforms) = preSolution
		Debug|x86 = Debug|x86
		Release|x86 = Release|x86
	EndGlobalSection
	GlobalSection(ProjectConfigurationPlatforms) = postSolution
		{65D83B25-475A-41CE-89A3-56C44D095A6A}.Debug|x86.ActiveCfg = Debug|x86
		{65D83B25-475A-41CE-89A3-56C44D095A6A}.Debug|x86.Build.0 = Debug|x86
		{65D83B25-475A-41CE-89A3-56C44D095A6A}.Release|x86.ActiveCfg = Release|x86
		{65D83B25-475A-41CE-89A3-56C44D095A6A}.Release|x86.Build.0 = Release|x86
		{F8BBA7C0-ADF9-4A8A-AC7B-A7B4A2A653B8}.Debug|x86.ActiveCfg = Debug|x86
		{F8BBA7C0-ADF9-4A8A-AC7B-A7B4A2A653B8}.Debug|x86.Build.0 = Debug|x86
		{F8BBA7C0-ADF9-4A8A-AC7B-A7B4A2A653B8}.Release|x86.ActiveCfg = Release|x86
		{F8BBA7C0-ADF9-4A8A-AC7B-A7B4A2A653B8}.Release|x86.Build.0 = Release|x86
	EndGlobalSection
	GlobalSection(SolutionProperties) = preSolution
		HideSolutionNode = FALSE
	EndGlobalSection
EndGlobal
